{
  "name": "passport-onshape",
  "version": "1.1.0-0",
  "lockfileVersion": 1,
  "requires": true,
  "dependencies": {
    "istanbul": {
      "version": "0.3.15",
      "resolved": "https://registry.npmjs.org/istanbul/-/istanbul-0.3.15.tgz",
      "integrity": "sha1-ni2Pscpx3bsFu49K3+FwejaT96k=",
      "requires": {
        "abbrev": "1.0.7",
        "async": "0.9.2",
        "escodegen": "1.6.1",
        "esprima": "2.1.0",
        "fileset": "0.1.6",
        "handlebars": "3.0.0",
        "js-yaml": "3.3.1",
        "mkdirp": "0.5.1",
        "nopt": "3.0.2",
        "once": "1.3.2",
        "resolve": "1.1.6",
        "supports-color": "1.3.1",
        "which": "1.0.9",
        "wordwrap": "0.0.3"
      },
      "dependencies": {
        "abbrev": {
          "version": "1.0.7",
          "resolved": "https://registry.npmjs.org/abbrev/-/abbrev-1.0.7.tgz",
          "integrity": "sha1-W2A1su6dT7XPhZ8Iqb6BsghJGEM="
        },
        "async": {
          "version": "0.9.2",
          "resolved": "https://registry.npmjs.org/async/-/async-0.9.2.tgz",
          "integrity": "sha1-rqdNXmHB+JlhO/ZL2mbUx48v0X0="
        },
        "escodegen": {
          "version": "1.6.1",
          "resolved": "https://registry.npmjs.org/escodegen/-/escodegen-1.6.1.tgz",
          "integrity": "sha1-Nn3hfYUQVA0SvG3Liz+Rg5EmWBU=",
          "requires": {
            "esprima": "1.2.5",
            "estraverse": "1.9.3",
            "esutils": "1.1.6",
            "optionator": "0.5.0",
            "source-map": "0.1.43"
          },
          "dependencies": {
            "esprima": {
              "version": "1.2.5",
              "resolved": "https://registry.npmjs.org/esprima/-/esprima-1.2.5.tgz",
              "integrity": "sha1-CZNQL+r2aBODJXVvMPmlH+7sEek="
            },
            "estraverse": {
              "version": "1.9.3",
              "resolved": "https://registry.npmjs.org/estraverse/-/estraverse-1.9.3.tgz",
              "integrity": "sha1-r2fy3JIlgkFZUJJgkaQAXSnJu0Q="
            },
            "esutils": {
              "version": "1.1.6",
              "resolved": "https://registry.npmjs.org/esutils/-/esutils-1.1.6.tgz",
              "integrity": "sha1-wBzKqa5LiXxtDD4hCuUvPHqEQ3U="
            },
            "optionator": {
              "version": "0.5.0",
              "resolved": "https://registry.npmjs.org/optionator/-/optionator-0.5.0.tgz",
              "integrity": "sha1-t1qJlaLUF98ltuTjhi9QqohlE2g=",
              "requires": {
                "deep-is": "0.1.3",
                "fast-levenshtein": "1.0.6",
                "levn": "0.2.5",
                "prelude-ls": "1.1.2",
                "type-check": "0.3.1",
                "wordwrap": "0.0.3"
              },
              "dependencies": {
                "deep-is": {
                  "version": "0.1.3",
                  "resolved": "https://registry.npmjs.org/deep-is/-/deep-is-0.1.3.tgz",
                  "integrity": "sha1-s2nW+128E+7PUk+RsHD+7cNXzzQ="
                },
                "fast-levenshtein": {
                  "version": "1.0.6",
                  "resolved": "https://registry.npmjs.org/fast-levenshtein/-/fast-levenshtein-1.0.6.tgz",
                  "integrity": "sha1-O+2xhOOflcsNiJKGiOax7jJzRGo="
                },
                "levn": {
                  "version": "0.2.5",
                  "resolved": "https://registry.npmjs.org/levn/-/levn-0.2.5.tgz",
                  "integrity": "sha1-uo0znQykphDjo/FFucr0iAcVUFQ=",
                  "requires": {
                    "prelude-ls": "1.1.2",
                    "type-check": "0.3.1"
                  }
                },
                "prelude-ls": {
                  "version": "1.1.2",
                  "resolved": "https://registry.npmjs.org/prelude-ls/-/prelude-ls-1.1.2.tgz",
                  "integrity": "sha1-IZMqVJ9eUv/ZqCf1cOBL5iqX2lQ="
                },
                "type-check": {
                  "version": "0.3.1",
                  "resolved": "https://registry.npmjs.org/type-check/-/type-check-0.3.1.tgz",
                  "integrity": "sha1-kjOSPE2hdNCsVIDs/W74TDSetY0=",
                  "requires": {
                    "prelude-ls": "1.1.2"
                  }
                }
              }
            },
            "source-map": {
              "version": "0.1.43",
              "resolved": "https://registry.npmjs.org/source-map/-/source-map-0.1.43.tgz",
              "integrity": "sha1-wkvBRspRfBRx9drL4lcbK3+eM0Y=",
              "optional": true,
              "requires": {
                "amdefine": "0.1.1"
              },
              "dependencies": {
                "amdefine": {
                  "version": "0.1.1",
                  "resolved": "https://registry.npmjs.org/amdefine/-/amdefine-0.1.1.tgz",
                  "integrity": "sha1-tcdcUyBS3M1qOcAGTHcsjVegbNI=",
                  "optional": true
                }
              }
            }
          }
        },
        "esprima": {
          "version": "2.1.0",
          "resolved": "https://registry.npmjs.org/esprima/-/esprima-2.1.0.tgz",
          "integrity": "sha1-wcn7lJdd/MP8ccYPB088UVaijvU="
        },
        "fileset": {
          "version": "0.1.6",
          "resolved": "https://registry.npmjs.org/fileset/-/fileset-0.1.6.tgz",
          "integrity": "sha1-fKsCHBBmqhpfUwSNfORX09o1Ecg=",
          "requires": {
            "glob": "5.0.10",
            "minimatch": "0.4.0"
          },
          "dependencies": {
            "glob": {
              "version": "5.0.10",
              "resolved": "https://registry.npmjs.org/glob/-/glob-5.0.10.tgz",
              "integrity": "sha1-PuNQMZ8x81LO9omaSPa2t4NMaJk=",
              "requires": {
                "inflight": "1.0.4",
                "inherits": "2.0.1",
                "minimatch": "2.0.8",
                "once": "1.3.2",
                "path-is-absolute": "1.0.0"
              },
              "dependencies": {
                "inflight": {
                  "version": "1.0.4",
                  "resolved": "https://registry.npmjs.org/inflight/-/inflight-1.0.4.tgz",
                  "integrity": "sha1-bLtFIevVHODsCpNr/XZX736bFyo=",
                  "requires": {
                    "once": "1.3.2",
                    "wrappy": "1.0.1"
                  },
                  "dependencies": {
                    "wrappy": {
                      "version": "1.0.1",
                      "resolved": "https://registry.npmjs.org/wrappy/-/wrappy-1.0.1.tgz",
                      "integrity": "sha1-HmWWmWXMvC20VIxrhKbyxa7dRzk="
                    }
                  }
                },
                "inherits": {
                  "version": "2.0.1",
                  "resolved": "https://registry.npmjs.org/inherits/-/inherits-2.0.1.tgz",
                  "integrity": "sha1-sX0I0ya0Qj5Wjv9xn5GwscvfafE="
                },
                "minimatch": {
                  "version": "2.0.8",
                  "resolved": "https://registry.npmjs.org/minimatch/-/minimatch-2.0.8.tgz",
                  "integrity": "sha1-C8IPa/NXCmmO8N3/kCBjxsq9pr8=",
                  "requires": {
                    "brace-expansion": "1.1.0"
                  },
                  "dependencies": {
                    "brace-expansion": {
                      "version": "1.1.0",
                      "resolved": "https://registry.npmjs.org/brace-expansion/-/brace-expansion-1.1.0.tgz",
                      "integrity": "sha1-ybfQPAPze8cEvhAOUitA249s/Nk=",
                      "requires": {
                        "balanced-match": "0.2.0",
                        "concat-map": "0.0.1"
                      },
                      "dependencies": {
                        "balanced-match": {
                          "version": "0.2.0",
                          "resolved": "https://registry.npmjs.org/balanced-match/-/balanced-match-0.2.0.tgz",
                          "integrity": "sha1-OPZzDAOqttXtu1K9k0iF51bXFnQ="
                        },
                        "concat-map": {
                          "version": "0.0.1",
                          "resolved": "https://registry.npmjs.org/concat-map/-/concat-map-0.0.1.tgz",
                          "integrity": "sha1-2Klr13/Wjfd5OnMDajug1UBdR3s="
                        }
                      }
                    }
                  }
                },
                "path-is-absolute": {
                  "version": "1.0.0",
                  "resolved": "https://registry.npmjs.org/path-is-absolute/-/path-is-absolute-1.0.0.tgz",
                  "integrity": "sha1-Jj2tpmqz8vsQv3+dJN2PPlcO+RI="
                }
              }
            },
            "minimatch": {
              "version": "0.4.0",
              "resolved": "https://registry.npmjs.org/minimatch/-/minimatch-0.4.0.tgz",
              "integrity": "sha1-vSx9Bg0sjI/Xzefx8u0tWycP2xs=",
              "requires": {
                "lru-cache": "2.6.4",
                "sigmund": "1.0.1"
              },
              "dependencies": {
                "lru-cache": {
                  "version": "2.6.4",
                  "resolved": "https://registry.npmjs.org/lru-cache/-/lru-cache-2.6.4.tgz",
                  "integrity": "sha1-JnUZDM0bBwHsL2UqTQ09QA12wN0="
                },
                "sigmund": {
                  "version": "1.0.1",
                  "resolved": "https://registry.npmjs.org/sigmund/-/sigmund-1.0.1.tgz",
                  "integrity": "sha1-P/IfGYytIXX587eBhT/ZTQ0ZtZA="
                }
              }
            }
          }
        },
        "handlebars": {
          "version": "3.0.0",
          "resolved": "https://registry.npmjs.org/handlebars/-/handlebars-3.0.0.tgz",
          "integrity": "sha1-f05Tf03WmShp1mwBt1BeujVhpdU=",
          "requires": {
            "optimist": "0.6.1",
            "source-map": "0.1.43",
            "uglify-js": "2.3.6"
          },
          "dependencies": {
            "optimist": {
              "version": "0.6.1",
              "resolved": "https://registry.npmjs.org/optimist/-/optimist-0.6.1.tgz",
              "integrity": "sha1-2j6nRob6IaGaERwybpDrFaAZZoY=",
              "requires": {
                "minimist": "0.0.10",
                "wordwrap": "0.0.3"
              },
              "dependencies": {
                "minimist": {
                  "version": "0.0.10",
                  "resolved": "https://registry.npmjs.org/minimist/-/minimist-0.0.10.tgz",
                  "integrity": "sha1-3j+YVD2/lggr5IrRoMfNqDYwHc8="
                }
              }
            },
            "source-map": {
              "version": "0.1.43",
              "resolved": "https://registry.npmjs.org/source-map/-/source-map-0.1.43.tgz",
              "integrity": "sha1-wkvBRspRfBRx9drL4lcbK3+eM0Y=",
              "requires": {
                "amdefine": "0.1.1"
              },
              "dependencies": {
                "amdefine": {
                  "version": "0.1.1",
                  "resolved": "https://registry.npmjs.org/amdefine/-/amdefine-0.1.1.tgz",
                  "integrity": "sha1-tcdcUyBS3M1qOcAGTHcsjVegbNI="
                }
              }
            },
            "uglify-js": {
              "version": "2.3.6",
              "resolved": "https://registry.npmjs.org/uglify-js/-/uglify-js-2.3.6.tgz",
              "integrity": "sha1-+gmEdwtCi3qbKoBY9GNV0U/vIRo=",
              "optional": true,
              "requires": {
                "async": "0.2.10",
                "optimist": "0.3.7",
                "source-map": "0.1.43"
              },
              "dependencies": {
                "async": {
                  "version": "0.2.10",
                  "resolved": "https://registry.npmjs.org/async/-/async-0.2.10.tgz",
                  "integrity": "sha1-trvgsGdLnXGXCMo43owjfLUmw9E=",
                  "optional": true
                },
                "optimist": {
                  "version": "0.3.7",
                  "resolved": "https://registry.npmjs.org/optimist/-/optimist-0.3.7.tgz",
                  "integrity": "sha1-yQlBrVnkJzMokjB00s8ufLxuwNk=",
                  "optional": true,
                  "requires": {
                    "wordwrap": "0.0.3"
                  }
                }
              }
            }
          }
        },
        "js-yaml": {
          "version": "3.3.1",
          "resolved": "https://registry.npmjs.org/js-yaml/-/js-yaml-3.3.1.tgz",
          "integrity": "sha1-yhrNNCPsJ10SFAp7q1HbAVugs8A=",
          "requires": {
            "argparse": "1.0.2",
            "esprima": "2.2.0"
          },
          "dependencies": {
            "argparse": {
              "version": "1.0.2",
              "resolved": "https://registry.npmjs.org/argparse/-/argparse-1.0.2.tgz",
              "integrity": "sha1-vPrjkFllbRlz0LnmoadBVLWpoTY=",
              "requires": {
                "lodash": "3.9.3",
                "sprintf-js": "1.0.2"
              },
              "dependencies": {
                "lodash": {
                  "version": "3.9.3",
                  "resolved": "https://registry.npmjs.org/lodash/-/lodash-3.9.3.tgz",
                  "integrity": "sha1-AVnoaDL+/8bWHYUrEqlTuZSWvTI="
                },
                "sprintf-js": {
                  "version": "1.0.2",
                  "resolved": "https://registry.npmjs.org/sprintf-js/-/sprintf-js-1.0.2.tgz",
                  "integrity": "sha1-EeTYT/MhRONbC/Omb4WH842PmXg="
                }
              }
            },
            "esprima": {
              "version": "2.2.0",
              "resolved": "https://registry.npmjs.org/esprima/-/esprima-2.2.0.tgz",
              "integrity": "sha1-QpLB1o5Bc9gV+iKQ3Hr8ltgfzYM="
            }
          }
        },
        "mkdirp": {
          "version": "0.5.1",
          "resolved": "https://registry.npmjs.org/mkdirp/-/mkdirp-0.5.1.tgz",
          "integrity": "sha1-MAV0OOrGz3+MR2fzhkjWaX11yQM=",
          "requires": {
            "minimist": "0.0.8"
          },
          "dependencies": {
            "minimist": {
              "version": "0.0.8",
              "resolved": "https://registry.npmjs.org/minimist/-/minimist-0.0.8.tgz",
              "integrity": "sha1-hX/Kv8M5fSYluCKCYuhqp6ARsF0="
            }
          }
        },
        "nopt": {
          "version": "3.0.2",
          "resolved": "https://registry.npmjs.org/nopt/-/nopt-3.0.2.tgz",
          "integrity": "sha1-qCqH+djD3xQP54+yllenp3RAO14=",
          "requires": {
            "abbrev": "1.0.7"
          }
        },
        "once": {
          "version": "1.3.2",
          "resolved": "https://registry.npmjs.org/once/-/once-1.3.2.tgz",
          "integrity": "sha1-2P7sqTsDnsHc3ud0HJK9rF4oCBs=",
          "requires": {
            "wrappy": "1.0.1"
          },
          "dependencies": {
            "wrappy": {
              "version": "1.0.1",
              "resolved": "https://registry.npmjs.org/wrappy/-/wrappy-1.0.1.tgz",
              "integrity": "sha1-HmWWmWXMvC20VIxrhKbyxa7dRzk="
            }
          }
        },
        "resolve": {
          "version": "1.1.6",
          "resolved": "https://registry.npmjs.org/resolve/-/resolve-1.1.6.tgz",
          "integrity": "sha1-00kq0FTKgA9b76YS5hvqwe7Jj48="
        },
        "supports-color": {
          "version": "1.3.1",
          "resolved": "https://registry.npmjs.org/supports-color/-/supports-color-1.3.1.tgz",
          "integrity": "sha1-FXWN8J2P87SswwdTn6vicJXhBC0="
        },
        "which": {
          "version": "1.0.9",
          "resolved": "https://registry.npmjs.org/which/-/which-1.0.9.tgz",
          "integrity": "sha1-RgwdoPgQED0DIam2M6+eV15kSG8="
        },
        "wordwrap": {
          "version": "0.0.3",
          "resolved": "https://registry.npmjs.org/wordwrap/-/wordwrap-0.0.3.tgz",
          "integrity": "sha1-o9XabNXAvAAI03I0u68b7WMFkQc="
        }
      }
    },
    "jasmine-node": {
      "version": "1.14.5",
      "resolved": "https://registry.npmjs.org/jasmine-node/-/jasmine-node-1.14.5.tgz",
      "integrity": "sha1-GOg5e4VpJO53ADZmw3MbWupQw50=",
      "requires": {
        "coffee-script": "1.9.3",
        "gaze": "0.3.4",
        "jasmine-growl-reporter": "0.0.3",
        "jasmine-reporters": "1.0.2",
        "mkdirp": "0.3.5",
        "requirejs": "2.1.18",
        "underscore": "1.8.3",
        "walkdir": "0.0.9"
      },
      "dependencies": {
        "coffee-script": {
          "version": "1.9.3",
          "resolved": "https://registry.npmjs.org/coffee-script/-/coffee-script-1.9.3.tgz",
          "integrity": "sha1-WW5ug/z8tnxZZKtw1ES+/wrASsc="
        },
        "gaze": {
          "version": "0.3.4",
          "resolved": "https://registry.npmjs.org/gaze/-/gaze-0.3.4.tgz",
          "integrity": "sha1-X5S92gr+U7xxCWm81vKCVI1gwnk=",
          "requires": {
            "fileset": "0.1.8",
            "minimatch": "0.2.14"
          },
          "dependencies": {
            "fileset": {
              "version": "0.1.8",
              "resolved": "https://registry.npmjs.org/fileset/-/fileset-0.1.8.tgz",
              "integrity": "sha1-UGuRqTluqn4y+0KoQHfHoMc2t0E=",
              "requires": {
                "glob": "3.2.11",
                "minimatch": "0.2.14"
              },
              "dependencies": {
                "glob": {
                  "version": "3.2.11",
                  "resolved": "https://registry.npmjs.org/glob/-/glob-3.2.11.tgz",
                  "integrity": "sha1-Spc/Y1uRkPcV0QmH1cAP0oFevj0=",
                  "requires": {
                    "inherits": "2.0.1",
                    "minimatch": "0.3.0"
                  },
                  "dependencies": {
                    "inherits": {
                      "version": "2.0.1",
                      "resolved": "https://registry.npmjs.org/inherits/-/inherits-2.0.1.tgz",
                      "integrity": "sha1-sX0I0ya0Qj5Wjv9xn5GwscvfafE="
                    },
                    "minimatch": {
                      "version": "0.3.0",
                      "resolved": "https://registry.npmjs.org/minimatch/-/minimatch-0.3.0.tgz",
                      "integrity": "sha1-J12O2qxPG7MyZHIInnlJyDlGmd0=",
                      "requires": {
                        "lru-cache": "2.6.4",
                        "sigmund": "1.0.1"
                      },
                      "dependencies": {
                        "lru-cache": {
                          "version": "2.6.4",
                          "resolved": "https://registry.npmjs.org/lru-cache/-/lru-cache-2.6.4.tgz",
                          "integrity": "sha1-JnUZDM0bBwHsL2UqTQ09QA12wN0="
                        },
                        "sigmund": {
                          "version": "1.0.1",
                          "resolved": "https://registry.npmjs.org/sigmund/-/sigmund-1.0.1.tgz",
                          "integrity": "sha1-P/IfGYytIXX587eBhT/ZTQ0ZtZA="
                        }
                      }
                    }
                  }
                }
              }
            },
            "minimatch": {
              "version": "0.2.14",
              "resolved": "https://registry.npmjs.org/minimatch/-/minimatch-0.2.14.tgz",
              "integrity": "sha1-x054BXT2PG+aCQ6Q775u9TpqdWo=",
              "requires": {
                "lru-cache": "2.6.4",
                "sigmund": "1.0.1"
              },
              "dependencies": {
                "lru-cache": {
                  "version": "2.6.4",
                  "resolved": "https://registry.npmjs.org/lru-cache/-/lru-cache-2.6.4.tgz",
                  "integrity": "sha1-JnUZDM0bBwHsL2UqTQ09QA12wN0="
                },
                "sigmund": {
                  "version": "1.0.1",
                  "resolved": "https://registry.npmjs.org/sigmund/-/sigmund-1.0.1.tgz",
                  "integrity": "sha1-P/IfGYytIXX587eBhT/ZTQ0ZtZA="
                }
              }
            }
          }
        },
        "jasmine-growl-reporter": {
          "version": "0.0.3",
          "resolved": "https://registry.npmjs.org/jasmine-growl-reporter/-/jasmine-growl-reporter-0.0.3.tgz",
          "integrity": "sha1-uHrlUeNZ0orVIXdl6u9sB7dj9sg=",
          "requires": {
            "growl": "1.7.0"
          },
          "dependencies": {
            "growl": {
              "version": "1.7.0",
              "resolved": "https://registry.npmjs.org/growl/-/growl-1.7.0.tgz",
              "integrity": "sha1-3i1mE20ALhErpw8/EMMc98NQsto="
            }
          }
        },
        "jasmine-reporters": {
          "version": "1.0.2",
          "resolved": "https://registry.npmjs.org/jasmine-reporters/-/jasmine-reporters-1.0.2.tgz",
          "integrity": "sha1-q2E+1Zd9x0h+hbPBL2qOqNsq3jE=",
          "requires": {
            "mkdirp": "0.3.5"
          }
        },
        "mkdirp": {
          "version": "0.3.5",
          "resolved": "https://registry.npmjs.org/mkdirp/-/mkdirp-0.3.5.tgz",
          "integrity": "sha1-3j5fiWHIjHh+4TaN+EmsRBPsqNc="
        },
        "requirejs": {
          "version": "2.1.18",
          "resolved": "https://registry.npmjs.org/requirejs/-/requirejs-2.1.18.tgz",
          "integrity": "sha1-YnGB77i30YSmUzyXNqkKWjeOxDw="
        },
        "underscore": {
          "version": "1.8.3",
          "resolved": "https://registry.npmjs.org/underscore/-/underscore-1.8.3.tgz",
          "integrity": "sha1-Tz+1OxBuYJf8+ctBCfKl6b36UCI="
        },
        "walkdir": {
          "version": "0.0.9",
          "resolved": "https://registry.npmjs.org/walkdir/-/walkdir-0.0.9.tgz",
          "integrity": "sha1-+dMNRgYr/9uOSb4EwVgtSQd0Vd0="
        }
      }
    },
    "passport-oauth2": {
      "version": "1.1.2",
      "resolved": "https://registry.npmjs.org/passport-oauth2/-/passport-oauth2-1.1.2.tgz",
      "integrity": "sha1-vXFjsbYJA3GGjcTvb58uHkzEuUg=",
      "requires": {
        "oauth": "0.9.13",
        "passport-strategy": "1.0.0",
        "uid2": "0.0.3"
      },
      "dependencies": {
        "oauth": {
          "version": "0.9.13",
          "resolved": "https://registry.npmjs.org/oauth/-/oauth-0.9.13.tgz",
          "integrity": "sha1-C7s8LW4rXRjlLq+GL/oguOMssXs="
        },
        "passport-strategy": {
          "version": "1.0.0",
          "resolved": "https://registry.npmjs.org/passport-strategy/-/passport-strategy-1.0.0.tgz",
          "integrity": "sha1-tVOaqPwiWj0a0XlHbd8ja0QPUuQ="
        },
        "uid2": {
          "version": "0.0.3",
          "resolved": "https://registry.npmjs.org/uid2/-/uid2-0.0.3.tgz",
          "integrity": "sha1-SDEm4Rd03y9xuLY53NeZw3YWK4I="
        }
      }
    },
    "utils-merge": {
      "version": "1.0.1",
      "resolved": "https://registry.npmjs.org/utils-merge/-/utils-merge-1.0.1.tgz",
      "integrity": "sha1-n5VxD1CiZ5R7LMwSR0HBAoQn5xM="
    }
  }
}
